
Microsoft Visual Studio Solution File, Format Version 12.00
# Visual Studio Version 16
VisualStudioVersion = 16.0.30011.22
MinimumVisualStudioVersion = 10.0.40219.1
Project("{FAE04EC0-301F-11D3-BF4B-00C04F79EFBC}") = "MyWeatherApp", "MyWeatherApp\MyWeatherApp.csproj", "{984BDC95-4B34-4A84-A57A-23D2C51BDD9A}"
EndProject
Global
	GlobalSection(SolutionConfigurationPlatforms) = preSolution
		Debug|Any CPU = Debug|Any CPU
		Release|Any CPU = Release|Any CPU
	EndGlobalSection
	GlobalSection(ProjectConfigurationPlatforms) = postSolution
		{984BDC95-4B34-4A84-A57A-23D2C51BDD9A}.Debug|Any CPU.ActiveCfg = Debug|Any CPU
		{984BDC95-4B34-4A84-A57A-23D2C51BDD9A}.Debug|Any CPU.Build.0 = Debug|Any CPU
		{984BDC95-4B34-4A84-A57A-23D2C51BDD9A}.Release|Any CPU.ActiveCfg = Release|Any CPU
		{984BDC95-4B34-4A84-A57A-23D2C51BDD9A}.Release|Any CPU.Build.0 = Release|Any CPU
	EndGlobalSection
	GlobalSection(SolutionProperties) = preSolution
		HideSolutionNode = FALSE
	EndGlobalSection
	GlobalSection(ExtensibilityGlobals) = postSolution
		SolutionGuid = {424E5E2A-18D7-4B2F-B6CB-64E52BA6167C}
	EndGlobalSection
EndGlobal
